// !$*UTF8*$!
{
	archiveVersion = 1;
	classes = {
	};
	objectVersion = 50;
	objects = {

/* Begin PBXBuildFile section */
		5525BD36256345640030DC27 /* ReloadButton.swift in Sources */ = {isa = PBXBuildFile; fileRef = 5525BD35256345640030DC27 /* ReloadButton.swift */; };
		5525BD3D256355510030DC27 /* LoadingIndicator.swift in Sources */ = {isa = PBXBuildFile; fileRef = 5525BD3C256355510030DC27 /* LoadingIndicator.swift */; };
		5525BD41256357330030DC27 /* LoadingView.swift in Sources */ = {isa = PBXBuildFile; fileRef = 5525BD40256357330030DC27 /* LoadingView.swift */; };
		5525BD4425635BFB0030DC27 /* CurrentDataRow.swift in Sources */ = {isa = PBXBuildFile; fileRef = 5525BD4325635BFB0030DC27 /* CurrentDataRow.swift */; };
		5556AFFD256193D70099EF3E /* CustomColors.swift in Sources */ = {isa = PBXBuildFile; fileRef = 5556AFFC256193D70099EF3E /* CustomColors.swift */; };
		555F11A02560CAF600B43812 /* SelectionButton.swift in Sources */ = {isa = PBXBuildFile; fileRef = 555F119F2560CAF600B43812 /* SelectionButton.swift */; };
		555F11A32560CD3200B43812 /* LocationSelectionRow.swift in Sources */ = {isa = PBXBuildFile; fileRef = 555F11A22560CD3200B43812 /* LocationSelectionRow.swift */; };
		555F11A62560D2B800B43812 /* CriteriaSelectionRow.swift in Sources */ = {isa = PBXBuildFile; fileRef = 555F11A52560D2B800B43812 /* CriteriaSelectionRow.swift */; };
		5569C6B3256948D200621D78 /* ViewModifiers.swift in Sources */ = {isa = PBXBuildFile; fileRef = 5569C6B2256948D200621D78 /* ViewModifiers.swift */; };
		558C4DDB255CB5D8005D2DD6 /* Constants.swift in Sources */ = {isa = PBXBuildFile; fileRef = 558C4DDA255CB5D8005D2DD6 /* Constants.swift */; };
		55A33FEF255A22A5007A0736 /* AppDelegate.swift in Sources */ = {isa = PBXBuildFile; fileRef = 55A33FEE255A22A5007A0736 /* AppDelegate.swift */; };
		55A33FF1255A22A5007A0736 /* SceneDelegate.swift in Sources */ = {isa = PBXBuildFile; fileRef = 55A33FF0255A22A5007A0736 /* SceneDelegate.swift */; };
		55A33FF3255A22A5007A0736 /* MainPageView.swift in Sources */ = {isa = PBXBuildFile; fileRef = 55A33FF2255A22A5007A0736 /* MainPageView.swift */; };
		55A33FF5255A22A7007A0736 /* Assets.xcassets in Resources */ = {isa = PBXBuildFile; fileRef = 55A33FF4255A22A7007A0736 /* Assets.xcassets */; };
		55A33FF8255A22A7007A0736 /* Preview Assets.xcassets in Resources */ = {isa = PBXBuildFile; fileRef = 55A33FF7255A22A7007A0736 /* Preview Assets.xcassets */; };
		55A33FFB255A22A7007A0736 /* LaunchScreen.storyboard in Resources */ = {isa = PBXBuildFile; fileRef = 55A33FF9255A22A7007A0736 /* LaunchScreen.storyboard */; };
		55A34008255A2303007A0736 /* DataLoader.swift in Sources */ = {isa = PBXBuildFile; fileRef = 55A34007255A2303007A0736 /* DataLoader.swift */; };
		55A3400B255A29C4007A0736 /* Categories.swift in Sources */ = {isa = PBXBuildFile; fileRef = 55A3400A255A29C4007A0736 /* Categories.swift */; };
		55A34013255A2D18007A0736 /* COVIDResults.swift in Sources */ = {isa = PBXBuildFile; fileRef = 55A34012255A2D18007A0736 /* COVIDResults.swift */; };
		55B2561F255B6D02009F02B1 /* CaseStore.swift in Sources */ = {isa = PBXBuildFile; fileRef = 55B2561E255B6D02009F02B1 /* CaseStore.swift */; };
		55B2C1842561A09900BD73E0 /* DigitsExtensions.swift in Sources */ = {isa = PBXBuildFile; fileRef = 55B2C1832561A09900BD73E0 /* DigitsExtensions.swift */; };
		55B2C1882561A3B500BD73E0 /* MonthScale.swift in Sources */ = {isa = PBXBuildFile; fileRef = 55B2C1872561A3B500BD73E0 /* MonthScale.swift */; };
		55C9BC8025672C1A0056E519 /* CachedOptions.swift in Sources */ = {isa = PBXBuildFile; fileRef = 55C9BC7F25672C1A0056E519 /* CachedOptions.swift */; };
		55C9BC832567574B0056E519 /* InformationView.swift in Sources */ = {isa = PBXBuildFile; fileRef = 55C9BC822567574B0056E519 /* InformationView.swift */; };
		55C9BC86256765920056E519 /* WebView.swift in Sources */ = {isa = PBXBuildFile; fileRef = 55C9BC85256765920056E519 /* WebView.swift */; };
		55CCDA3625606966002D7E91 /* CaseScale.swift in Sources */ = {isa = PBXBuildFile; fileRef = 55CCDA3525606966002D7E91 /* CaseScale.swift */; };
		55DC7F83255E07CF00318029 /* PlotView.swift in Sources */ = {isa = PBXBuildFile; fileRef = 55DC7F82255E07CF00318029 /* PlotView.swift */; };
		55DC7F89255E080300318029 /* CapsuleObject.swift in Sources */ = {isa = PBXBuildFile; fileRef = 55DC7F88255E080300318029 /* CapsuleObject.swift */; };
/* End PBXBuildFile section */

/* Begin PBXFileReference section */
		5525BD35256345640030DC27 /* ReloadButton.swift */ = {isa = PBXFileReference; lastKnownFileType = sourcecode.swift; path = ReloadButton.swift; sourceTree = "<group>"; };
		5525BD3C256355510030DC27 /* LoadingIndicator.swift */ = {isa = PBXFileReference; lastKnownFileType = sourcecode.swift; path = LoadingIndicator.swift; sourceTree = "<group>"; };
		5525BD40256357330030DC27 /* LoadingView.swift */ = {isa = PBXFileReference; lastKnownFileType = sourcecode.swift; path = LoadingView.swift; sourceTree = "<group>"; };
		5525BD4325635BFB0030DC27 /* CurrentDataRow.swift */ = {isa = PBXFileReference; lastKnownFileType = sourcecode.swift; path = CurrentDataRow.swift; sourceTree = "<group>"; };
		5556AFFC256193D70099EF3E /* CustomColors.swift */ = {isa = PBXFileReference; lastKnownFileType = sourcecode.swift; path = CustomColors.swift; sourceTree = "<group>"; };
		555F119F2560CAF600B43812 /* SelectionButton.swift */ = {isa = PBXFileReference; lastKnownFileType = sourcecode.swift; path = SelectionButton.swift; sourceTree = "<group>"; };
		555F11A22560CD3200B43812 /* LocationSelectionRow.swift */ = {isa = PBXFileReference; lastKnownFileType = sourcecode.swift; path = LocationSelectionRow.swift; sourceTree = "<group>"; };
		555F11A52560D2B800B43812 /* CriteriaSelectionRow.swift */ = {isa = PBXFileReference; lastKnownFileType = sourcecode.swift; path = CriteriaSelectionRow.swift; sourceTree = "<group>"; };
		5569C6B2256948D200621D78 /* ViewModifiers.swift */ = {isa = PBXFileReference; lastKnownFileType = sourcecode.swift; path = ViewModifiers.swift; sourceTree = "<group>"; };
		558C4DDA255CB5D8005D2DD6 /* Constants.swift */ = {isa = PBXFileReference; lastKnownFileType = sourcecode.swift; path = Constants.swift; sourceTree = "<group>"; };
		55A33FEB255A22A5007A0736 /* COVID-Tracker.app */ = {isa = PBXFileReference; explicitFileType = wrapper.application; includeInIndex = 0; path = "COVID-Tracker.app"; sourceTree = BUILT_PRODUCTS_DIR; };
		55A33FEE255A22A5007A0736 /* AppDelegate.swift */ = {isa = PBXFileReference; lastKnownFileType = sourcecode.swift; path = AppDelegate.swift; sourceTree = "<group>"; };
		55A33FF0255A22A5007A0736 /* SceneDelegate.swift */ = {isa = PBXFileReference; lastKnownFileType = sourcecode.swift; path = SceneDelegate.swift; sourceTree = "<group>"; };
		55A33FF2255A22A5007A0736 /* MainPageView.swift */ = {isa = PBXFileReference; lastKnownFileType = sourcecode.swift; path = MainPageView.swift; sourceTree = "<group>"; };
		55A33FF4255A22A7007A0736 /* Assets.xcassets */ = {isa = PBXFileReference; lastKnownFileType = folder.assetcatalog; path = Assets.xcassets; sourceTree = "<group>"; };
		55A33FF7255A22A7007A0736 /* Preview Assets.xcassets */ = {isa = PBXFileReference; lastKnownFileType = folder.assetcatalog; path = "Preview Assets.xcassets"; sourceTree = "<group>"; };
		55A33FFA255A22A7007A0736 /* Base */ = {isa = PBXFileReference; lastKnownFileType = file.storyboard; name = Base; path = Base.lproj/LaunchScreen.storyboard; sourceTree = "<group>"; };
		55A33FFC255A22A7007A0736 /* Info.plist */ = {isa = PBXFileReference; lastKnownFileType = text.plist.xml; path = Info.plist; sourceTree = "<group>"; };
		55A34007255A2303007A0736 /* DataLoader.swift */ = {isa = PBXFileReference; lastKnownFileType = sourcecode.swift; path = DataLoader.swift; sourceTree = "<group>"; };
		55A3400A255A29C4007A0736 /* Categories.swift */ = {isa = PBXFileReference; lastKnownFileType = sourcecode.swift; path = Categories.swift; sourceTree = "<group>"; };
		55A34012255A2D18007A0736 /* COVIDResults.swift */ = {isa = PBXFileReference; lastKnownFileType = sourcecode.swift; path = COVIDResults.swift; sourceTree = "<group>"; };
		55B2561E255B6D02009F02B1 /* CaseStore.swift */ = {isa = PBXFileReference; lastKnownFileType = sourcecode.swift; path = CaseStore.swift; sourceTree = "<group>"; };
		55B2C1832561A09900BD73E0 /* DigitsExtensions.swift */ = {isa = PBXFileReference; lastKnownFileType = sourcecode.swift; path = DigitsExtensions.swift; sourceTree = "<group>"; };
		55B2C1872561A3B500BD73E0 /* MonthScale.swift */ = {isa = PBXFileReference; lastKnownFileType = sourcecode.swift; path = MonthScale.swift; sourceTree = "<group>"; };
		55C9BC7F25672C1A0056E519 /* CachedOptions.swift */ = {isa = PBXFileReference; lastKnownFileType = sourcecode.swift; path = CachedOptions.swift; sourceTree = "<group>"; };
		55C9BC822567574B0056E519 /* InformationView.swift */ = {isa = PBXFileReference; lastKnownFileType = sourcecode.swift; path = InformationView.swift; sourceTree = "<group>"; };
		55C9BC85256765920056E519 /* WebView.swift */ = {isa = PBXFileReference; lastKnownFileType = sourcecode.swift; path = WebView.swift; sourceTree = "<group>"; };
		55CCDA3525606966002D7E91 /* CaseScale.swift */ = {isa = PBXFileReference; lastKnownFileType = sourcecode.swift; path = CaseScale.swift; sourceTree = "<group>"; };
		55DC7F82255E07CF00318029 /* PlotView.swift */ = {isa = PBXFileReference; lastKnownFileType = sourcecode.swift; path = PlotView.swift; sourceTree = "<group>"; };
		55DC7F88255E080300318029 /* CapsuleObject.swift */ = {isa = PBXFileReference; lastKnownFileType = sourcecode.swift; path = CapsuleObject.swift; sourceTree = "<group>"; };
/* End PBXFileReference section */

/* Begin PBXFrameworksBuildPhase section */
		55A33FE8255A22A5007A0736 /* Frameworks */ = {
			isa = PBXFrameworksBuildPhase;
			buildActionMask = 2147483647;
			files = (
			);
			runOnlyForDeploymentPostprocessing = 0;
		};
/* End PBXFrameworksBuildPhase section */

/* Begin PBXGroup section */
		5525BD38256355350030DC27 /* Buttons */ = {
			isa = PBXGroup;
			children = (
				555F119F2560CAF600B43812 /* SelectionButton.swift */,
				5525BD35256345640030DC27 /* ReloadButton.swift */,
			);
			path = Buttons;
			sourceTree = "<group>";
		};
		5525BD3B2563553F0030DC27 /* Loading-Indicator */ = {
			isa = PBXGroup;
			children = (
				5525BD3C256355510030DC27 /* LoadingIndicator.swift */,
				5525BD40256357330030DC27 /* LoadingView.swift */,
			);
			path = "Loading-Indicator";
			sourceTree = "<group>";
		};
		5556AFFB256193CB0099EF3E /* Support */ = {
			isa = PBXGroup;
			children = (
				5556AFFC256193D70099EF3E /* CustomColors.swift */,
				55B2C1832561A09900BD73E0 /* DigitsExtensions.swift */,
				55C9BC85256765920056E519 /* WebView.swift */,
				5569C6B2256948D200621D78 /* ViewModifiers.swift */,
			);
			path = Support;
			sourceTree = "<group>";
		};
		558C4DE1255CBDAB005D2DD6 /* Graphs */ = {
			isa = PBXGroup;
			children = (
				55DC7F82255E07CF00318029 /* PlotView.swift */,
				55DC7F88255E080300318029 /* CapsuleObject.swift */,
			);
			path = Graphs;
			sourceTree = "<group>";
		};
		55A33FE2255A22A5007A0736 = {
			isa = PBXGroup;
			children = (
				55A33FED255A22A5007A0736 /* COVID-Tracker */,
				55A33FEC255A22A5007A0736 /* Products */,
			);
			sourceTree = "<group>";
		};
		55A33FEC255A22A5007A0736 /* Products */ = {
			isa = PBXGroup;
			children = (
				55A33FEB255A22A5007A0736 /* COVID-Tracker.app */,
			);
			name = Products;
			sourceTree = "<group>";
		};
		55A33FED255A22A5007A0736 /* COVID-Tracker */ = {
			isa = PBXGroup;
			children = (
				55A33FEE255A22A5007A0736 /* AppDelegate.swift */,
				55A33FF0255A22A5007A0736 /* SceneDelegate.swift */,
				5556AFFB256193CB0099EF3E /* Support */,
				55A34004255A22D5007A0736 /* Views */,
				55A34003255A22BF007A0736 /* Models */,
				55A3400D255A2B80007A0736 /* Types */,
				55A33FF4255A22A7007A0736 /* Assets.xcassets */,
				55A33FF9255A22A7007A0736 /* LaunchScreen.storyboard */,
				55A33FFC255A22A7007A0736 /* Info.plist */,
				55A33FF6255A22A7007A0736 /* Preview Content */,
			);
			path = "COVID-Tracker";
			sourceTree = "<group>";
		};
		55A33FF6255A22A7007A0736 /* Preview Content */ = {
			isa = PBXGroup;
			children = (
				55A33FF7255A22A7007A0736 /* Preview Assets.xcassets */,
			);
			path = "Preview Content";
			sourceTree = "<group>";
		};
		55A34003255A22BF007A0736 /* Models */ = {
			isa = PBXGroup;
			children = (
				55A34007255A2303007A0736 /* DataLoader.swift */,
				55B2561E255B6D02009F02B1 /* CaseStore.swift */,
				55A3400A255A29C4007A0736 /* Categories.swift */,
				558C4DDA255CB5D8005D2DD6 /* Constants.swift */,
			);
			path = Models;
			sourceTree = "<group>";
		};
		55A34004255A22D5007A0736 /* Views */ = {
			isa = PBXGroup;
			children = (
				55A33FF2255A22A5007A0736 /* MainPageView.swift */,
				55C9BC822567574B0056E519 /* InformationView.swift */,
				555F11A22560CD3200B43812 /* LocationSelectionRow.swift */,
				555F11A52560D2B800B43812 /* CriteriaSelectionRow.swift */,
				5525BD4325635BFB0030DC27 /* CurrentDataRow.swift */,
				5525BD3B2563553F0030DC27 /* Loading-Indicator */,
				5525BD38256355350030DC27 /* Buttons */,
				558C4DE1255CBDAB005D2DD6 /* Graphs */,
			);
			path = Views;
			sourceTree = "<group>";
		};
		55A3400D255A2B80007A0736 /* Types */ = {
			isa = PBXGroup;
			children = (
				55A34012255A2D18007A0736 /* COVIDResults.swift */,
				55C9BC7F25672C1A0056E519 /* CachedOptions.swift */,
				55CCDA3525606966002D7E91 /* CaseScale.swift */,
				55B2C1872561A3B500BD73E0 /* MonthScale.swift */,
			);
			path = Types;
			sourceTree = "<group>";
		};
/* End PBXGroup section */

/* Begin PBXNativeTarget section */
		55A33FEA255A22A5007A0736 /* COVID-Tracker */ = {
			isa = PBXNativeTarget;
			buildConfigurationList = 55A33FFF255A22A7007A0736 /* Build configuration list for PBXNativeTarget "COVID-Tracker" */;
			buildPhases = (
				55A33FE7255A22A5007A0736 /* Sources */,
				55A33FE8255A22A5007A0736 /* Frameworks */,
				55A33FE9255A22A5007A0736 /* Resources */,
			);
			buildRules = (
			);
			dependencies = (
			);
			name = "COVID-Tracker";
			productName = "COVID-Tracker";
			productReference = 55A33FEB255A22A5007A0736 /* COVID-Tracker.app */;
			productType = "com.apple.product-type.application";
		};
/* End PBXNativeTarget section */

/* Begin PBXProject section */
		55A33FE3255A22A5007A0736 /* Project object */ = {
			isa = PBXProject;
			attributes = {
				LastSwiftUpdateCheck = 1210;
				LastUpgradeCheck = 1210;
				TargetAttributes = {
					55A33FEA255A22A5007A0736 = {
						CreatedOnToolsVersion = 12.1;
					};
				};
			};
			buildConfigurationList = 55A33FE6255A22A5007A0736 /* Build configuration list for PBXProject "COVID-Tracker" */;
			compatibilityVersion = "Xcode 9.3";
			developmentRegion = en;
			hasScannedForEncodings = 0;
			knownRegions = (
				en,
				Base,
			);
			mainGroup = 55A33FE2255A22A5007A0736;
			productRefGroup = 55A33FEC255A22A5007A0736 /* Products */;
			projectDirPath = "";
			projectRoot = "";
			targets = (
				55A33FEA255A22A5007A0736 /* COVID-Tracker */,
			);
		};
/* End PBXProject section */

/* Begin PBXResourcesBuildPhase section */
		55A33FE9255A22A5007A0736 /* Resources */ = {
			isa = PBXResourcesBuildPhase;
			buildActionMask = 2147483647;
			files = (
				55A33FFB255A22A7007A0736 /* LaunchScreen.storyboard in Resources */,
				55A33FF8255A22A7007A0736 /* Preview Assets.xcassets in Resources */,
				55A33FF5255A22A7007A0736 /* Assets.xcassets in Resources */,
			);
			runOnlyForDeploymentPostprocessing = 0;
		};
/* End PBXResourcesBuildPhase section */

/* Begin PBXSourcesBuildPhase section */
		55A33FE7255A22A5007A0736 /* Sources */ = {
			isa = PBXSourcesBuildPhase;
			buildActionMask = 2147483647;
			files = (
				55CCDA3625606966002D7E91 /* CaseScale.swift in Sources */,
				55B2C1882561A3B500BD73E0 /* MonthScale.swift in Sources */,
				555F11A32560CD3200B43812 /* LocationSelectionRow.swift in Sources */,
				5525BD4425635BFB0030DC27 /* CurrentDataRow.swift in Sources */,
				55B2561F255B6D02009F02B1 /* CaseStore.swift in Sources */,
				555F11A02560CAF600B43812 /* SelectionButton.swift in Sources */,
				55DC7F83255E07CF00318029 /* PlotView.swift in Sources */,
				5525BD36256345640030DC27 /* ReloadButton.swift in Sources */,
				55C9BC832567574B0056E519 /* InformationView.swift in Sources */,
				55B2C1842561A09900BD73E0 /* DigitsExtensions.swift in Sources */,
				55C9BC86256765920056E519 /* WebView.swift in Sources */,
				558C4DDB255CB5D8005D2DD6 /* Constants.swift in Sources */,
				555F11A62560D2B800B43812 /* CriteriaSelectionRow.swift in Sources */,
				55A34008255A2303007A0736 /* DataLoader.swift in Sources */,
				55A33FEF255A22A5007A0736 /* AppDelegate.swift in Sources */,
				5556AFFD256193D70099EF3E /* CustomColors.swift in Sources */,
				5525BD41256357330030DC27 /* LoadingView.swift in Sources */,
				55A34013255A2D18007A0736 /* COVIDResults.swift in Sources */,
				55A3400B255A29C4007A0736 /* Categories.swift in Sources */,
				5569C6B3256948D200621D78 /* ViewModifiers.swift in Sources */,
				55A33FF1255A22A5007A0736 /* SceneDelegate.swift in Sources */,
				55DC7F89255E080300318029 /* CapsuleObject.swift in Sources */,
				5525BD3D256355510030DC27 /* LoadingIndicator.swift in Sources */,
				55A33FF3255A22A5007A0736 /* MainPageView.swift in Sources */,
				55C9BC8025672C1A0056E519 /* CachedOptions.swift in Sources */,
			);
			runOnlyForDeploymentPostprocessing = 0;
		};
/* End PBXSourcesBuildPhase section */

/* Begin PBXVariantGroup section */
		55A33FF9255A22A7007A0736 /* LaunchScreen.storyboard */ = {
			isa = PBXVariantGroup;
			children = (
				55A33FFA255A22A7007A0736 /* Base */,
			);
			name = LaunchScreen.storyboard;
			sourceTree = "<group>";
		};
/* End PBXVariantGroup section */

/* Begin XCBuildConfiguration section */
		55A33FFD255A22A7007A0736 /* Debug */ = {
			isa = XCBuildConfiguration;
			buildSettings = {
				ALWAYS_SEARCH_USER_PATHS = NO;
				CLANG_ANALYZER_NONNULL = YES;
				CLANG_ANALYZER_NUMBER_OBJECT_CONVERSION = YES_AGGRESSIVE;
				CLANG_CXX_LANGUAGE_STANDARD = "gnu++14";
				CLANG_CXX_LIBRARY = "libc++";
				CLANG_ENABLE_MODULES = YES;
				CLANG_ENABLE_OBJC_ARC = YES;
				CLANG_ENABLE_OBJC_WEAK = YES;
				CLANG_WARN_BLOCK_CAPTURE_AUTORELEASING = YES;
				CLANG_WARN_BOOL_CONVERSION = YES;
				CLANG_WARN_COMMA = YES;
				CLANG_WARN_CONSTANT_CONVERSION = YES;
				CLANG_WARN_DEPRECATED_OBJC_IMPLEMENTATIONS = YES;
				CLANG_WARN_DIRECT_OBJC_ISA_USAGE = YES_ERROR;
				CLANG_WARN_DOCUMENTATION_COMMENTS = YES;
				CLANG_WARN_EMPTY_BODY = YES;
				CLANG_WARN_ENUM_CONVERSION = YES;
				CLANG_WARN_INFINITE_RECURSION = YES;
				CLANG_WARN_INT_CONVERSION = YES;
				CLANG_WARN_NON_LITERAL_NULL_CONVERSION = YES;
				CLANG_WARN_OBJC_IMPLICIT_RETAIN_SELF = YES;
				CLANG_WARN_OBJC_LITERAL_CONVERSION = YES;
				CLANG_WARN_OBJC_ROOT_CLASS = YES_ERROR;
				CLANG_WARN_QUOTED_INCLUDE_IN_FRAMEWORK_HEADER = YES;
				CLANG_WARN_RANGE_LOOP_ANALYSIS = YES;
				CLANG_WARN_STRICT_PROTOTYPES = YES;
				CLANG_WARN_SUSPICIOUS_MOVE = YES;
				CLANG_WARN_UNGUARDED_AVAILABILITY = YES_AGGRESSIVE;
				CLANG_WARN_UNREACHABLE_CODE = YES;
				CLANG_WARN__DUPLICATE_METHOD_MATCH = YES;
				COPY_PHASE_STRIP = NO;
				DEBUG_INFORMATION_FORMAT = dwarf;
				ENABLE_STRICT_OBJC_MSGSEND = YES;
				ENABLE_TESTABILITY = YES;
				GCC_C_LANGUAGE_STANDARD = gnu11;
				GCC_DYNAMIC_NO_PIC = NO;
				GCC_NO_COMMON_BLOCKS = YES;
				GCC_OPTIMIZATION_LEVEL = 0;
				GCC_PREPROCESSOR_DEFINITIONS = (
					"DEBUG=1",
					"$(inherited)",
				);
				GCC_WARN_64_TO_32_BIT_CONVERSION = YES;
				GCC_WARN_ABOUT_RETURN_TYPE = YES_ERROR;
				GCC_WARN_UNDECLARED_SELECTOR = YES;
				GCC_WARN_UNINITIALIZED_AUTOS = YES_AGGRESSIVE;
				GCC_WARN_UNUSED_FUNCTION = YES;
				GCC_WARN_UNUSED_VARIABLE = YES;
				IPHONEOS_DEPLOYMENT_TARGET = 14.1;
				MTL_ENABLE_DEBUG_INFO = INCLUDE_SOURCE;
				MTL_FAST_MATH = YES;
				ONLY_ACTIVE_ARCH = YES;
				SDKROOT = iphoneos;
				SWIFT_ACTIVE_COMPILATION_CONDITIONS = DEBUG;
				SWIFT_OPTIMIZATION_LEVEL = "-Onone";
			};
			name = Debug;
		};
		55A33FFE255A22A7007A0736 /* Release */ = {
			isa = XCBuildConfiguration;
			buildSettings = {
				ALWAYS_SEARCH_USER_PATHS = NO;
				CLANG_ANALYZER_NONNULL = YES;
				CLANG_ANALYZER_NUMBER_OBJECT_CONVERSION = YES_AGGRESSIVE;
				CLANG_CXX_LANGUAGE_STANDARD = "gnu++14";
				CLANG_CXX_LIBRARY = "libc++";
				CLANG_ENABLE_MODULES = YES;
				CLANG_ENABLE_OBJC_ARC = YES;
				CLANG_ENABLE_OBJC_WEAK = YES;
				CLANG_WARN_BLOCK_CAPTURE_AUTORELEASING = YES;
				CLANG_WARN_BOOL_CONVERSION = YES;
				CLANG_WARN_COMMA = YES;
				CLANG_WARN_CONSTANT_CONVERSION = YES;
				CLANG_WARN_DEPRECATED_OBJC_IMPLEMENTATIONS = YES;
				CLANG_WARN_DIRECT_OBJC_ISA_USAGE = YES_ERROR;
				CLANG_WARN_DOCUMENTATION_COMMENTS = YES;
				CLANG_WARN_EMPTY_BODY = YES;
				CLANG_WARN_ENUM_CONVERSION = YES;
				CLANG_WARN_INFINITE_RECURSION = YES;
				CLANG_WARN_INT_CONVERSION = YES;
				CLANG_WARN_NON_LITERAL_NULL_CONVERSION = YES;
				CLANG_WARN_OBJC_IMPLICIT_RETAIN_SELF = YES;
				CLANG_WARN_OBJC_LITERAL_CONVERSION = YES;
				CLANG_WARN_OBJC_ROOT_CLASS = YES_ERROR;
				CLANG_WARN_QUOTED_INCLUDE_IN_FRAMEWORK_HEADER = YES;
				CLANG_WARN_RANGE_LOOP_ANALYSIS = YES;
				CLANG_WARN_STRICT_PROTOTYPES = YES;
				CLANG_WARN_SUSPICIOUS_MOVE = YES;
				CLANG_WARN_UNGUARDED_AVAILABILITY = YES_AGGRESSIVE;
				CLANG_WARN_UNREACHABLE_CODE = YES;
				CLANG_WARN__DUPLICATE_METHOD_MATCH = YES;
				COPY_PHASE_STRIP = NO;
				DEBUG_INFORMATION_FORMAT = "dwarf-with-dsym";
				ENABLE_NS_ASSERTIONS = NO;
				ENABLE_STRICT_OBJC_MSGSEND = YES;
				GCC_C_LANGUAGE_STANDARD = gnu11;
				GCC_NO_COMMON_BLOCKS = YES;
				GCC_WARN_64_TO_32_BIT_CONVERSION = YES;
				GCC_WARN_ABOUT_RETURN_TYPE = YES_ERROR;
				GCC_WARN_UNDECLARED_SELECTOR = YES;
				GCC_WARN_UNINITIALIZED_AUTOS = YES_AGGRESSIVE;
				GCC_WARN_UNUSED_FUNCTION = YES;
				GCC_WARN_UNUSED_VARIABLE = YES;
				IPHONEOS_DEPLOYMENT_TARGET = 14.1;
				MTL_ENABLE_DEBUG_INFO = NO;
				MTL_FAST_MATH = YES;
				SDKROOT = iphoneos;
				SWIFT_COMPILATION_MODE = wholemodule;
				SWIFT_OPTIMIZATION_LEVEL = "-O";
				VALIDATE_PRODUCT = YES;
			};
			name = Release;
		};
		55A34000255A22A7007A0736 /* Debug */ = {
			isa = XCBuildConfiguration;
			buildSettings = {
				ASSETCATALOG_COMPILER_APPICON_NAME = AppIcon;
				ASSETCATALOG_COMPILER_GLOBAL_ACCENT_COLOR_NAME = AccentColor;
				CODE_SIGN_STYLE = Automatic;
				DEVELOPMENT_ASSET_PATHS = "\"COVID-Tracker/Preview Content\"";
				DEVELOPMENT_TEAM = Z5W8BWK25N;
				ENABLE_PREVIEWS = YES;
				INFOPLIST_FILE = "COVID-Tracker/Info.plist";
				LD_RUNPATH_SEARCH_PATHS = (
					"$(inherited)",
					"@executable_path/Frameworks",
				);
				PRODUCT_BUNDLE_IDENTIFIER = "jyarley.COVID-Tracker";
				PRODUCT_NAME = "$(TARGET_NAME)";
				SWIFT_VERSION = 5.0;
				TARGETED_DEVICE_FAMILY = 1;
			};
			name = Debug;
		};
		55A34001255A22A7007A0736 /* Release */ = {
			isa = XCBuildConfiguration;
			buildSettings = {
				ASSETCATALOG_COMPILER_APPICON_NAME = AppIcon;
				ASSETCATALOG_COMPILER_GLOBAL_ACCENT_COLOR_NAME = AccentColor;
				CODE_SIGN_STYLE = Automatic;
				DEVELOPMENT_ASSET_PATHS = "\"COVID-Tracker/Preview Content\"";
				DEVELOPMENT_TEAM = Z5W8BWK25N;
				ENABLE_PREVIEWS = YES;
				INFOPLIST_FILE = "COVID-Tracker/Info.plist";
				LD_RUNPATH_SEARCH_PATHS = (
					"$(inherited)",
					"@executable_path/Frameworks",
				);
				PRODUCT_BUNDLE_IDENTIFIER = "jyarley.COVID-Tracker";
				PRODUCT_NAME = "$(TARGET_NAME)";
				SWIFT_VERSION = 5.0;
				TARGETED_DEVICE_FAMILY = 1;
			};
			name = Release;
		};
/* End XCBuildConfiguration section */

/* Begin XCConfigurationList section */
		55A33FE6255A22A5007A0736 /* Build configuration list for PBXProject "COVID-Tracker" */ = {
			isa = XCConfigurationList;
			buildConfigurations = (
				55A33FFD255A22A7007A0736 /* Debug */,
				55A33FFE255A22A7007A0736 /* Release */,
			);
			defaultConfigurationIsVisible = 0;
			defaultConfigurationName = Release;
		};
		55A33FFF255A22A7007A0736 /* Build configuration list for PBXNativeTarget "COVID-Tracker" */ = {
			isa = XCConfigurationList;
			buildConfigurations = (
				55A34000255A22A7007A0736 /* Debug */,
				55A34001255A22A7007A0736 /* Release */,
			);
			defaultConfigurationIsVisible = 0;
			defaultConfigurationName = Release;
		};
/* End XCConfigurationList section */
	};
	rootObject = 55A33FE3255A22A5007A0736 /* Project object */;
}
